
Microsoft Visual Studio Solution File, Format Version 12.00
# Visual Studio Version 17
VisualStudioVersion = 17.9.34728.123
MinimumVisualStudioVersion = 10.0.40219.1
Project("{FAE04EC0-301F-11D3-BF4B-00C04F79EFBC}") = "TPMOD4", "TPMOD4\TPMOD4.csproj", "{4FD8F390-0717-4DEF-B2D6-03C09782D92B}"
EndProject
Project("{FAE04EC0-301F-11D3-BF4B-00C04F79EFBC}") = "TPMOD4_2", "TPMOD4_2\TPMOD4_2.csproj", "{6FDCC79C-EFBB-46F7-9621-989A55527853}"
EndProject
Global
	GlobalSection(SolutionConfigurationPlatforms) = preSolution
		Debug|Any CPU = Debug|Any CPU
		Release|Any CPU = Release|Any CPU
	EndGlobalSection
	GlobalSection(ProjectConfigurationPlatforms) = postSolution
		{4FD8F390-0717-4DEF-B2D6-03C09782D92B}.Debug|Any CPU.ActiveCfg = Debug|Any CPU
		{4FD8F390-0717-4DEF-B2D6-03C09782D92B}.Debug|Any CPU.Build.0 = Debug|Any CPU
		{4FD8F390-0717-4DEF-B2D6-03C09782D92B}.Release|Any CPU.ActiveCfg = Release|Any CPU
		{4FD8F390-0717-4DEF-B2D6-03C09782D92B}.Release|Any CPU.Build.0 = Release|Any CPU
		{6FDCC79C-EFBB-46F7-9621-989A55527853}.Debug|Any CPU.ActiveCfg = Debug|Any CPU
		{6FDCC79C-EFBB-46F7-9621-989A55527853}.Debug|Any CPU.Build.0 = Debug|Any CPU
		{6FDCC79C-EFBB-46F7-9621-989A55527853}.Release|Any CPU.ActiveCfg = Release|Any CPU
		{6FDCC79C-EFBB-46F7-9621-989A55527853}.Release|Any CPU.Build.0 = Release|Any CPU
	EndGlobalSection
	GlobalSection(SolutionProperties) = preSolution
		HideSolutionNode = FALSE
	EndGlobalSection
	GlobalSection(ExtensibilityGlobals) = postSolution
		SolutionGuid = {B7163726-C96A-4F52-9468-F41DC6A9E7B8}
	EndGlobalSection
EndGlobal
